
Microsoft Visual Studio Solution File, Format Version 12.00
# Visual Studio Version 16
VisualStudioVersion = 16.0.31321.278
MinimumVisualStudioVersion = 10.0.40219.1
Project("{FAE04EC0-301F-11D3-BF4B-00C04F79EFBC}") = "ADDC.Integration.ViewPaymentHistory.Schemas", "ADDC.Integration.ViewPaymentHistory.Schemas\ADDC.Integration.ViewPaymentHistory.Schemas.btproj", "{EC19EC08-8B29-4E69-8249-2B99C73E208A}"
EndProject
Project("{FAE04EC0-301F-11D3-BF4B-00C04F79EFBC}") = "ADDC.Integration.ViewPaymentHistory.Maps", "ADDC.Integration.ViewPaymentHistory.Maps\ADDC.Integration.ViewPaymentHistory.Maps.btproj", "{10D0078B-6DE3-45A7-A601-D82838EFA761}"
EndProject
Project("{FAE04EC0-301F-11D3-BF4B-00C04F79EFBC}") = "ADDC.Integration.ViewPaymentHistory.Orchestration", "ADDC.Integration.ViewPaymentHistory.Orchestration\ADDC.Integration.ViewPaymentHistory.Orchestration.btproj", "{EB0135DF-CBA0-41DF-AEE7-73FE6FB14D7C}"
EndProject
Global
	GlobalSection(SolutionConfigurationPlatforms) = preSolution
		Debug|Any CPU = Debug|Any CPU
		Release|Any CPU = Release|Any CPU
	EndGlobalSection
	GlobalSection(ProjectConfigurationPlatforms) = postSolution
		{EC19EC08-8B29-4E69-8249-2B99C73E208A}.Debug|Any CPU.ActiveCfg = Debug|Any CPU
		{EC19EC08-8B29-4E69-8249-2B99C73E208A}.Debug|Any CPU.Build.0 = Debug|Any CPU
		{EC19EC08-8B29-4E69-8249-2B99C73E208A}.Debug|Any CPU.Deploy.0 = Debug|Any CPU
		{EC19EC08-8B29-4E69-8249-2B99C73E208A}.Release|Any CPU.ActiveCfg = Release|Any CPU
		{EC19EC08-8B29-4E69-8249-2B99C73E208A}.Release|Any CPU.Build.0 = Release|Any CPU
		{EC19EC08-8B29-4E69-8249-2B99C73E208A}.Release|Any CPU.Deploy.0 = Release|Any CPU
		{10D0078B-6DE3-45A7-A601-D82838EFA761}.Debug|Any CPU.ActiveCfg = Debug|Any CPU
		{10D0078B-6DE3-45A7-A601-D82838EFA761}.Debug|Any CPU.Build.0 = Debug|Any CPU
		{10D0078B-6DE3-45A7-A601-D82838EFA761}.Debug|Any CPU.Deploy.0 = Debug|Any CPU
		{10D0078B-6DE3-45A7-A601-D82838EFA761}.Release|Any CPU.ActiveCfg = Release|Any CPU
		{10D0078B-6DE3-45A7-A601-D82838EFA761}.Release|Any CPU.Build.0 = Release|Any CPU
		{10D0078B-6DE3-45A7-A601-D82838EFA761}.Release|Any CPU.Deploy.0 = Release|Any CPU
		{EB0135DF-CBA0-41DF-AEE7-73FE6FB14D7C}.Debug|Any CPU.ActiveCfg = Debug|Any CPU
		{EB0135DF-CBA0-41DF-AEE7-73FE6FB14D7C}.Debug|Any CPU.Build.0 = Debug|Any CPU
		{EB0135DF-CBA0-41DF-AEE7-73FE6FB14D7C}.Debug|Any CPU.Deploy.0 = Debug|Any CPU
		{EB0135DF-CBA0-41DF-AEE7-73FE6FB14D7C}.Release|Any CPU.ActiveCfg = Release|Any CPU
		{EB0135DF-CBA0-41DF-AEE7-73FE6FB14D7C}.Release|Any CPU.Build.0 = Release|Any CPU
		{EB0135DF-CBA0-41DF-AEE7-73FE6FB14D7C}.Release|Any CPU.Deploy.0 = Release|Any CPU
	EndGlobalSection
	GlobalSection(SolutionProperties) = preSolution
		HideSolutionNode = FALSE
	EndGlobalSection
	GlobalSection(ExtensibilityGlobals) = postSolution
		SolutionGuid = {79BB812E-4BC1-4F5A-AFC9-BCE2184246A9}
	EndGlobalSection
EndGlobal
